
Microsoft Visual Studio Solution File, Format Version 12.00
# Visual Studio 2013
Project("{FAE04EC0-301F-11D3-BF4B-00C04F79EFBC}") = "UnityVS.mb.CSharp", "UnityVS.mb.CSharp.csproj", "{36C7250A-5BC7-8243-9753-306EE35F41A3}"
EndProject
Project("{FAE04EC0-301F-11D3-BF4B-00C04F79EFBC}") = "UnityVS.mb.CSharp.Editor", "UnityVS.mb.CSharp.Editor.csproj", "{4DADE1B5-F645-4303-F25C-2AF5976DD196}"
EndProject
Global
	GlobalSection(SolutionConfigurationPlatforms) = preSolution
		Debug|Any CPU = Debug|Any CPU
		Release|Any CPU = Release|Any CPU
	EndGlobalSection
	GlobalSection(ProjectConfigurationPlatforms) = postSolution
		{36C7250A-5BC7-8243-9753-306EE35F41A3}.Debug|Any CPU.ActiveCfg = Debug|Any CPU
		{36C7250A-5BC7-8243-9753-306EE35F41A3}.Debug|Any CPU.Build.0 = Debug|Any CPU
		{36C7250A-5BC7-8243-9753-306EE35F41A3}.Release|Any CPU.ActiveCfg = Release|Any CPU
		{36C7250A-5BC7-8243-9753-306EE35F41A3}.Release|Any CPU.Build.0 = Release|Any CPU
		{4DADE1B5-F645-4303-F25C-2AF5976DD196}.Debug|Any CPU.ActiveCfg = Debug|Any CPU
		{4DADE1B5-F645-4303-F25C-2AF5976DD196}.Debug|Any CPU.Build.0 = Debug|Any CPU
		{4DADE1B5-F645-4303-F25C-2AF5976DD196}.Release|Any CPU.ActiveCfg = Release|Any CPU
		{4DADE1B5-F645-4303-F25C-2AF5976DD196}.Release|Any CPU.Build.0 = Release|Any CPU
	EndGlobalSection
	GlobalSection(SolutionProperties) = preSolution
		HideSolutionNode = FALSE
	EndGlobalSection
EndGlobal
